
Microsoft Visual Studio Solution File, Format Version 12.00
# Visual Studio Version 17
VisualStudioVersion = 17.13.35825.156
MinimumVisualStudioVersion = 10.0.40219.1
Project("{8BC9CEB8-8B4A-11D0-8D11-00A0C91BC942}") = "Bidimensional Parity Bits", "Bidimensional Parity Bits\Bidimensional Parity Bits.vcxproj", "{26B4B53B-D356-4EFC-A0B5-2F526887A73D}"
EndProject
Project("{8BC9CEB8-8B4A-11D0-8D11-00A0C91BC942}") = "CRC", "CRC\CRC.vcxproj", "{581CAACE-8F86-48BE-A1D9-FCA9412FAEF3}"
EndProject
Global
	GlobalSection(SolutionConfigurationPlatforms) = preSolution
		Debug|x64 = Debug|x64
		Debug|x86 = Debug|x86
		Release|x64 = Release|x64
		Release|x86 = Release|x86
	EndGlobalSection
	GlobalSection(ProjectConfigurationPlatforms) = postSolution
		{26B4B53B-D356-4EFC-A0B5-2F526887A73D}.Debug|x64.ActiveCfg = Debug|x64
		{26B4B53B-D356-4EFC-A0B5-2F526887A73D}.Debug|x64.Build.0 = Debug|x64
		{26B4B53B-D356-4EFC-A0B5-2F526887A73D}.Debug|x86.ActiveCfg = Debug|Win32
		{26B4B53B-D356-4EFC-A0B5-2F526887A73D}.Debug|x86.Build.0 = Debug|Win32
		{26B4B53B-D356-4EFC-A0B5-2F526887A73D}.Release|x64.ActiveCfg = Release|x64
		{26B4B53B-D356-4EFC-A0B5-2F526887A73D}.Release|x64.Build.0 = Release|x64
		{26B4B53B-D356-4EFC-A0B5-2F526887A73D}.Release|x86.ActiveCfg = Release|Win32
		{26B4B53B-D356-4EFC-A0B5-2F526887A73D}.Release|x86.Build.0 = Release|Win32
		{581CAACE-8F86-48BE-A1D9-FCA9412FAEF3}.Debug|x64.ActiveCfg = Debug|x64
		{581CAACE-8F86-48BE-A1D9-FCA9412FAEF3}.Debug|x64.Build.0 = Debug|x64
		{581CAACE-8F86-48BE-A1D9-FCA9412FAEF3}.Debug|x86.ActiveCfg = Debug|Win32
		{581CAACE-8F86-48BE-A1D9-FCA9412FAEF3}.Debug|x86.Build.0 = Debug|Win32
		{581CAACE-8F86-48BE-A1D9-FCA9412FAEF3}.Release|x64.ActiveCfg = Release|x64
		{581CAACE-8F86-48BE-A1D9-FCA9412FAEF3}.Release|x64.Build.0 = Release|x64
		{581CAACE-8F86-48BE-A1D9-FCA9412FAEF3}.Release|x86.ActiveCfg = Release|Win32
		{581CAACE-8F86-48BE-A1D9-FCA9412FAEF3}.Release|x86.Build.0 = Release|Win32
	EndGlobalSection
	GlobalSection(SolutionProperties) = preSolution
		HideSolutionNode = FALSE
	EndGlobalSection
	GlobalSection(ExtensibilityGlobals) = postSolution
		SolutionGuid = {231FFB49-644A-4DA6-B03A-9AF21E2A2709}
	EndGlobalSection
EndGlobal
